
Microsoft Visual Studio Solution File, Format Version 12.00
# Visual Studio Version 16
VisualStudioVersion = 16.0.29409.12
MinimumVisualStudioVersion = 10.0.40219.1
Project("{8BC9CEB8-8B4A-11D0-8D11-00A0C91BC942}") = "SDL2 ImGUI Boilerplate", "SDL2 ImGUI Boilerplate.vcxproj", "{ABFE70E9-AAEA-4D9E-A118-CB213F9FA01A}"
EndProject
Global
	GlobalSection(SolutionConfigurationPlatforms) = preSolution
		Debug|x64 = Debug|x64
		Debug|x86 = Debug|x86
		Release|x64 = Release|x64
		Release|x86 = Release|x86
	EndGlobalSection
	GlobalSection(ProjectConfigurationPlatforms) = postSolution
		{ABFE70E9-AAEA-4D9E-A118-CB213F9FA01A}.Debug|x64.ActiveCfg = Debug|x64
		{ABFE70E9-AAEA-4D9E-A118-CB213F9FA01A}.Debug|x64.Build.0 = Debug|x64
		{ABFE70E9-AAEA-4D9E-A118-CB213F9FA01A}.Debug|x86.ActiveCfg = Debug|Win32
		{ABFE70E9-AAEA-4D9E-A118-CB213F9FA01A}.Debug|x86.Build.0 = Debug|Win32
		{ABFE70E9-AAEA-4D9E-A118-CB213F9FA01A}.Release|x64.ActiveCfg = Release|x64
		{ABFE70E9-AAEA-4D9E-A118-CB213F9FA01A}.Release|x64.Build.0 = Release|x64
		{ABFE70E9-AAEA-4D9E-A118-CB213F9FA01A}.Release|x86.ActiveCfg = Release|Win32
		{ABFE70E9-AAEA-4D9E-A118-CB213F9FA01A}.Release|x86.Build.0 = Release|Win32
	EndGlobalSection
	GlobalSection(SolutionProperties) = preSolution
		HideSolutionNode = FALSE
	EndGlobalSection
	GlobalSection(ExtensibilityGlobals) = postSolution
		SolutionGuid = {D25516E8-CF5A-4BBC-8FB3-60C1F3853ABB}
	EndGlobalSection
EndGlobal
